
Microsoft Visual Studio Solution File, Format Version 12.00
# Visual Studio Version 16
VisualStudioVersion = 16.0.30804.86
MinimumVisualStudioVersion = 10.0.40219.1
Project("{FAE04EC0-301F-11D3-BF4B-00C04F79EFBC}") = "OnlineStore", "OnlineStore.csproj", "{13E30497-81E4-4C86-A8E9-FFE6D015BACA}"
EndProject
Global
	GlobalSection(SolutionConfigurationPlatforms) = preSolution
		Debug|Any CPU = Debug|Any CPU
		Release|Any CPU = Release|Any CPU
	EndGlobalSection
	GlobalSection(ProjectConfigurationPlatforms) = postSolution
		{13E30497-81E4-4C86-A8E9-FFE6D015BACA}.Debug|Any CPU.ActiveCfg = Debug|Any CPU
		{13E30497-81E4-4C86-A8E9-FFE6D015BACA}.Debug|Any CPU.Build.0 = Debug|Any CPU
		{13E30497-81E4-4C86-A8E9-FFE6D015BACA}.Release|Any CPU.ActiveCfg = Release|Any CPU
		{13E30497-81E4-4C86-A8E9-FFE6D015BACA}.Release|Any CPU.Build.0 = Release|Any CPU
	EndGlobalSection
	GlobalSection(SolutionProperties) = preSolution
		HideSolutionNode = FALSE
	EndGlobalSection
	GlobalSection(ExtensibilityGlobals) = postSolution
		SolutionGuid = {57B2C716-0BB4-4373-9692-62EDB94160E0}
	EndGlobalSection
EndGlobal
